
Microsoft Visual Studio Solution File, Format Version 12.00
# Visual Studio 15
VisualStudioVersion = 15.0.27004.2010
MinimumVisualStudioVersion = 10.0.40219.1
Project("{9A19103F-16F7-4668-BE54-9A1E7A4F7556}") = "CrowdSpark.Web", "CrowdSpark.Web\CrowdSpark.Web.csproj", "{5479564F-74EA-43C6-AFAD-5BBE5C7FAB88}"
EndProject
Project("{9A19103F-16F7-4668-BE54-9A1E7A4F7556}") = "CrowdSpark.Models", "CrowdSpark.Models\CrowdSpark.Models.csproj", "{EF78F4A6-DD99-4688-BDC9-415855C20997}"
EndProject
Project("{9A19103F-16F7-4668-BE54-9A1E7A4F7556}") = "CrowdSpark.Entitites", "CrowdSpark.Entitites\CrowdSpark.Entitites.csproj", "{9388D7DD-81D8-4717-8E2A-50A7FF99D90A}"
EndProject
Project("{9A19103F-16F7-4668-BE54-9A1E7A4F7556}") = "CrowdSpark.Models.Tests", "CrowdSpark.Models.Tests\CrowdSpark.Models.Tests.csproj", "{5C0A9DE9-24BA-4785-9D61-8B2FFD1B8F43}"
EndProject
Project("{9A19103F-16F7-4668-BE54-9A1E7A4F7556}") = "CrowdSpark.Web.Tests", "CrowdSpark.Web.Tests\CrowdSpark.Web.Tests.csproj", "{2C3D245D-273B-4D52-B5F4-E60D26EBE5DF}"
EndProject
Project("{FAE04EC0-301F-11D3-BF4B-00C04F79EFBC}") = "CrowdSpark.UWP", "CrowdSpark.App\CrowdSpark.UWP.csproj", "{89E674BD-1CFF-4D70-89D9-792DED53A497}"
EndProject
Project("{9A19103F-16F7-4668-BE54-9A1E7A4F7556}") = "CrowdSpark.Common", "CrowdSpark.Common\CrowdSpark.Common.csproj", "{42717617-47A3-4540-9848-80C736D2581E}"
EndProject
Project("{9A19103F-16F7-4668-BE54-9A1E7A4F7556}") = "CrowdSpark.Logic", "CrowdSpark.Logic\CrowdSpark.Logic.csproj", "{127A4A34-CD32-43A3-9BEA-46C00FA9DEDF}"
EndProject
Project("{9A19103F-16F7-4668-BE54-9A1E7A4F7556}") = "CrowdSpark.Logic.Tests", "CrowdSpark.Logic.Tests\CrowdSpark.Logic.Tests.csproj", "{25E28148-7663-4E2E-8EDA-C0BF6C1A4363}"
EndProject
Project("{E53339B2-1760-4266-BCC7-CA923CBCF16C}") = "docker-compose", "docker-compose.dcproj", "{ED715FB7-E072-4CAE-8F79-64FA75E10CA3}"
EndProject
Global
	GlobalSection(SolutionConfigurationPlatforms) = preSolution
		Debug|Any CPU = Debug|Any CPU
		Debug|ARM = Debug|ARM
		Debug|x64 = Debug|x64
		Debug|x86 = Debug|x86
		Release|Any CPU = Release|Any CPU
		Release|ARM = Release|ARM
		Release|x64 = Release|x64
		Release|x86 = Release|x86
	EndGlobalSection
	GlobalSection(ProjectConfigurationPlatforms) = postSolution
		{5479564F-74EA-43C6-AFAD-5BBE5C7FAB88}.Debug|Any CPU.ActiveCfg = Debug|Any CPU
		{5479564F-74EA-43C6-AFAD-5BBE5C7FAB88}.Debug|Any CPU.Build.0 = Debug|Any CPU
		{5479564F-74EA-43C6-AFAD-5BBE5C7FAB88}.Debug|ARM.ActiveCfg = Debug|Any CPU
		{5479564F-74EA-43C6-AFAD-5BBE5C7FAB88}.Debug|ARM.Build.0 = Debug|Any CPU
		{5479564F-74EA-43C6-AFAD-5BBE5C7FAB88}.Debug|x64.ActiveCfg = Debug|Any CPU
		{5479564F-74EA-43C6-AFAD-5BBE5C7FAB88}.Debug|x64.Build.0 = Debug|Any CPU
		{5479564F-74EA-43C6-AFAD-5BBE5C7FAB88}.Debug|x86.ActiveCfg = Debug|Any CPU
		{5479564F-74EA-43C6-AFAD-5BBE5C7FAB88}.Debug|x86.Build.0 = Debug|Any CPU
		{5479564F-74EA-43C6-AFAD-5BBE5C7FAB88}.Release|Any CPU.ActiveCfg = Release|Any CPU
		{5479564F-74EA-43C6-AFAD-5BBE5C7FAB88}.Release|Any CPU.Build.0 = Release|Any CPU
		{5479564F-74EA-43C6-AFAD-5BBE5C7FAB88}.Release|ARM.ActiveCfg = Release|Any CPU
		{5479564F-74EA-43C6-AFAD-5BBE5C7FAB88}.Release|ARM.Build.0 = Release|Any CPU
		{5479564F-74EA-43C6-AFAD-5BBE5C7FAB88}.Release|x64.ActiveCfg = Release|Any CPU
		{5479564F-74EA-43C6-AFAD-5BBE5C7FAB88}.Release|x64.Build.0 = Release|Any CPU
		{5479564F-74EA-43C6-AFAD-5BBE5C7FAB88}.Release|x86.ActiveCfg = Release|Any CPU
		{5479564F-74EA-43C6-AFAD-5BBE5C7FAB88}.Release|x86.Build.0 = Release|Any CPU
		{EF78F4A6-DD99-4688-BDC9-415855C20997}.Debug|Any CPU.ActiveCfg = Debug|Any CPU
		{EF78F4A6-DD99-4688-BDC9-415855C20997}.Debug|Any CPU.Build.0 = Debug|Any CPU
		{EF78F4A6-DD99-4688-BDC9-415855C20997}.Debug|ARM.ActiveCfg = Debug|Any CPU
		{EF78F4A6-DD99-4688-BDC9-415855C20997}.Debug|ARM.Build.0 = Debug|Any CPU
		{EF78F4A6-DD99-4688-BDC9-415855C20997}.Debug|x64.ActiveCfg = Debug|Any CPU
		{EF78F4A6-DD99-4688-BDC9-415855C20997}.Debug|x64.Build.0 = Debug|Any CPU
		{EF78F4A6-DD99-4688-BDC9-415855C20997}.Debug|x86.ActiveCfg = Debug|Any CPU
		{EF78F4A6-DD99-4688-BDC9-415855C20997}.Debug|x86.Build.0 = Debug|Any CPU
		{EF78F4A6-DD99-4688-BDC9-415855C20997}.Release|Any CPU.ActiveCfg = Release|Any CPU
		{EF78F4A6-DD99-4688-BDC9-415855C20997}.Release|Any CPU.Build.0 = Release|Any CPU
		{EF78F4A6-DD99-4688-BDC9-415855C20997}.Release|ARM.ActiveCfg = Release|Any CPU
		{EF78F4A6-DD99-4688-BDC9-415855C20997}.Release|ARM.Build.0 = Release|Any CPU
		{EF78F4A6-DD99-4688-BDC9-415855C20997}.Release|x64.ActiveCfg = Release|Any CPU
		{EF78F4A6-DD99-4688-BDC9-415855C20997}.Release|x64.Build.0 = Release|Any CPU
		{EF78F4A6-DD99-4688-BDC9-415855C20997}.Release|x86.ActiveCfg = Release|Any CPU
		{EF78F4A6-DD99-4688-BDC9-415855C20997}.Release|x86.Build.0 = Release|Any CPU
		{9388D7DD-81D8-4717-8E2A-50A7FF99D90A}.Debug|Any CPU.ActiveCfg = Debug|Any CPU
		{9388D7DD-81D8-4717-8E2A-50A7FF99D90A}.Debug|Any CPU.Build.0 = Debug|Any CPU
		{9388D7DD-81D8-4717-8E2A-50A7FF99D90A}.Debug|ARM.ActiveCfg = Debug|Any CPU
		{9388D7DD-81D8-4717-8E2A-50A7FF99D90A}.Debug|ARM.Build.0 = Debug|Any CPU
		{9388D7DD-81D8-4717-8E2A-50A7FF99D90A}.Debug|x64.ActiveCfg = Debug|Any CPU
		{9388D7DD-81D8-4717-8E2A-50A7FF99D90A}.Debug|x64.Build.0 = Debug|Any CPU
		{9388D7DD-81D8-4717-8E2A-50A7FF99D90A}.Debug|x86.ActiveCfg = Debug|Any CPU
		{9388D7DD-81D8-4717-8E2A-50A7FF99D90A}.Debug|x86.Build.0 = Debug|Any CPU
		{9388D7DD-81D8-4717-8E2A-50A7FF99D90A}.Release|Any CPU.ActiveCfg = Release|Any CPU
		{9388D7DD-81D8-4717-8E2A-50A7FF99D90A}.Release|Any CPU.Build.0 = Release|Any CPU
		{9388D7DD-81D8-4717-8E2A-50A7FF99D90A}.Release|ARM.ActiveCfg = Release|Any CPU
		{9388D7DD-81D8-4717-8E2A-50A7FF99D90A}.Release|ARM.Build.0 = Release|Any CPU
		{9388D7DD-81D8-4717-8E2A-50A7FF99D90A}.Release|x64.ActiveCfg = Release|Any CPU
		{9388D7DD-81D8-4717-8E2A-50A7FF99D90A}.Release|x64.Build.0 = Release|Any CPU
		{9388D7DD-81D8-4717-8E2A-50A7FF99D90A}.Release|x86.ActiveCfg = Release|Any CPU
		{9388D7DD-81D8-4717-8E2A-50A7FF99D90A}.Release|x86.Build.0 = Release|Any CPU
		{5C0A9DE9-24BA-4785-9D61-8B2FFD1B8F43}.Debug|Any CPU.ActiveCfg = Debug|Any CPU
		{5C0A9DE9-24BA-4785-9D61-8B2FFD1B8F43}.Debug|Any CPU.Build.0 = Debug|Any CPU
		{5C0A9DE9-24BA-4785-9D61-8B2FFD1B8F43}.Debug|ARM.ActiveCfg = Debug|Any CPU
		{5C0A9DE9-24BA-4785-9D61-8B2FFD1B8F43}.Debug|ARM.Build.0 = Debug|Any CPU
		{5C0A9DE9-24BA-4785-9D61-8B2FFD1B8F43}.Debug|x64.ActiveCfg = Debug|Any CPU
		{5C0A9DE9-24BA-4785-9D61-8B2FFD1B8F43}.Debug|x64.Build.0 = Debug|Any CPU
		{5C0A9DE9-24BA-4785-9D61-8B2FFD1B8F43}.Debug|x86.ActiveCfg = Debug|Any CPU
		{5C0A9DE9-24BA-4785-9D61-8B2FFD1B8F43}.Debug|x86.Build.0 = Debug|Any CPU
		{5C0A9DE9-24BA-4785-9D61-8B2FFD1B8F43}.Release|Any CPU.ActiveCfg = Release|Any CPU
		{5C0A9DE9-24BA-4785-9D61-8B2FFD1B8F43}.Release|Any CPU.Build.0 = Release|Any CPU
		{5C0A9DE9-24BA-4785-9D61-8B2FFD1B8F43}.Release|ARM.ActiveCfg = Release|Any CPU
		{5C0A9DE9-24BA-4785-9D61-8B2FFD1B8F43}.Release|ARM.Build.0 = Release|Any CPU
		{5C0A9DE9-24BA-4785-9D61-8B2FFD1B8F43}.Release|x64.ActiveCfg = Release|Any CPU
		{5C0A9DE9-24BA-4785-9D61-8B2FFD1B8F43}.Release|x64.Build.0 = Release|Any CPU
		{5C0A9DE9-24BA-4785-9D61-8B2FFD1B8F43}.Release|x86.ActiveCfg = Release|Any CPU
		{5C0A9DE9-24BA-4785-9D61-8B2FFD1B8F43}.Release|x86.Build.0 = Release|Any CPU
		{2C3D245D-273B-4D52-B5F4-E60D26EBE5DF}.Debug|Any CPU.ActiveCfg = Debug|Any CPU
		{2C3D245D-273B-4D52-B5F4-E60D26EBE5DF}.Debug|Any CPU.Build.0 = Debug|Any CPU
		{2C3D245D-273B-4D52-B5F4-E60D26EBE5DF}.Debug|ARM.ActiveCfg = Debug|Any CPU
		{2C3D245D-273B-4D52-B5F4-E60D26EBE5DF}.Debug|ARM.Build.0 = Debug|Any CPU
		{2C3D245D-273B-4D52-B5F4-E60D26EBE5DF}.Debug|x64.ActiveCfg = Debug|Any CPU
		{2C3D245D-273B-4D52-B5F4-E60D26EBE5DF}.Debug|x64.Build.0 = Debug|Any CPU
		{2C3D245D-273B-4D52-B5F4-E60D26EBE5DF}.Debug|x86.ActiveCfg = Debug|Any CPU
		{2C3D245D-273B-4D52-B5F4-E60D26EBE5DF}.Debug|x86.Build.0 = Debug|Any CPU
		{2C3D245D-273B-4D52-B5F4-E60D26EBE5DF}.Release|Any CPU.ActiveCfg = Release|Any CPU
		{2C3D245D-273B-4D52-B5F4-E60D26EBE5DF}.Release|Any CPU.Build.0 = Release|Any CPU
		{2C3D245D-273B-4D52-B5F4-E60D26EBE5DF}.Release|ARM.ActiveCfg = Release|Any CPU
		{2C3D245D-273B-4D52-B5F4-E60D26EBE5DF}.Release|ARM.Build.0 = Release|Any CPU
		{2C3D245D-273B-4D52-B5F4-E60D26EBE5DF}.Release|x64.ActiveCfg = Release|Any CPU
		{2C3D245D-273B-4D52-B5F4-E60D26EBE5DF}.Release|x64.Build.0 = Release|Any CPU
		{2C3D245D-273B-4D52-B5F4-E60D26EBE5DF}.Release|x86.ActiveCfg = Release|Any CPU
		{2C3D245D-273B-4D52-B5F4-E60D26EBE5DF}.Release|x86.Build.0 = Release|Any CPU
		{89E674BD-1CFF-4D70-89D9-792DED53A497}.Debug|Any CPU.ActiveCfg = Debug|x86
		{89E674BD-1CFF-4D70-89D9-792DED53A497}.Debug|ARM.ActiveCfg = Debug|ARM
		{89E674BD-1CFF-4D70-89D9-792DED53A497}.Debug|ARM.Build.0 = Debug|ARM
		{89E674BD-1CFF-4D70-89D9-792DED53A497}.Debug|ARM.Deploy.0 = Debug|ARM
		{89E674BD-1CFF-4D70-89D9-792DED53A497}.Debug|x64.ActiveCfg = Debug|x64
		{89E674BD-1CFF-4D70-89D9-792DED53A497}.Debug|x64.Build.0 = Debug|x64
		{89E674BD-1CFF-4D70-89D9-792DED53A497}.Debug|x64.Deploy.0 = Debug|x64
		{89E674BD-1CFF-4D70-89D9-792DED53A497}.Debug|x86.ActiveCfg = Debug|x86
		{89E674BD-1CFF-4D70-89D9-792DED53A497}.Debug|x86.Build.0 = Debug|x86
		{89E674BD-1CFF-4D70-89D9-792DED53A497}.Debug|x86.Deploy.0 = Debug|x86
		{89E674BD-1CFF-4D70-89D9-792DED53A497}.Release|Any CPU.ActiveCfg = Release|x86
		{89E674BD-1CFF-4D70-89D9-792DED53A497}.Release|ARM.ActiveCfg = Release|ARM
		{89E674BD-1CFF-4D70-89D9-792DED53A497}.Release|ARM.Build.0 = Release|ARM
		{89E674BD-1CFF-4D70-89D9-792DED53A497}.Release|ARM.Deploy.0 = Release|ARM
		{89E674BD-1CFF-4D70-89D9-792DED53A497}.Release|x64.ActiveCfg = Release|x64
		{89E674BD-1CFF-4D70-89D9-792DED53A497}.Release|x64.Build.0 = Release|x64
		{89E674BD-1CFF-4D70-89D9-792DED53A497}.Release|x64.Deploy.0 = Release|x64
		{89E674BD-1CFF-4D70-89D9-792DED53A497}.Release|x86.ActiveCfg = Release|x86
		{89E674BD-1CFF-4D70-89D9-792DED53A497}.Release|x86.Build.0 = Release|x86
		{89E674BD-1CFF-4D70-89D9-792DED53A497}.Release|x86.Deploy.0 = Release|x86
		{42717617-47A3-4540-9848-80C736D2581E}.Debug|Any CPU.ActiveCfg = Debug|Any CPU
		{42717617-47A3-4540-9848-80C736D2581E}.Debug|Any CPU.Build.0 = Debug|Any CPU
		{42717617-47A3-4540-9848-80C736D2581E}.Debug|ARM.ActiveCfg = Debug|Any CPU
		{42717617-47A3-4540-9848-80C736D2581E}.Debug|ARM.Build.0 = Debug|Any CPU
		{42717617-47A3-4540-9848-80C736D2581E}.Debug|x64.ActiveCfg = Debug|Any CPU
		{42717617-47A3-4540-9848-80C736D2581E}.Debug|x64.Build.0 = Debug|Any CPU
		{42717617-47A3-4540-9848-80C736D2581E}.Debug|x86.ActiveCfg = Debug|Any CPU
		{42717617-47A3-4540-9848-80C736D2581E}.Debug|x86.Build.0 = Debug|Any CPU
		{42717617-47A3-4540-9848-80C736D2581E}.Release|Any CPU.ActiveCfg = Release|Any CPU
		{42717617-47A3-4540-9848-80C736D2581E}.Release|Any CPU.Build.0 = Release|Any CPU
		{42717617-47A3-4540-9848-80C736D2581E}.Release|ARM.ActiveCfg = Release|Any CPU
		{42717617-47A3-4540-9848-80C736D2581E}.Release|ARM.Build.0 = Release|Any CPU
		{42717617-47A3-4540-9848-80C736D2581E}.Release|x64.ActiveCfg = Release|Any CPU
		{42717617-47A3-4540-9848-80C736D2581E}.Release|x64.Build.0 = Release|Any CPU
		{42717617-47A3-4540-9848-80C736D2581E}.Release|x86.ActiveCfg = Release|Any CPU
		{42717617-47A3-4540-9848-80C736D2581E}.Release|x86.Build.0 = Release|Any CPU
		{127A4A34-CD32-43A3-9BEA-46C00FA9DEDF}.Debug|Any CPU.ActiveCfg = Debug|Any CPU
		{127A4A34-CD32-43A3-9BEA-46C00FA9DEDF}.Debug|Any CPU.Build.0 = Debug|Any CPU
		{127A4A34-CD32-43A3-9BEA-46C00FA9DEDF}.Debug|ARM.ActiveCfg = Debug|Any CPU
		{127A4A34-CD32-43A3-9BEA-46C00FA9DEDF}.Debug|ARM.Build.0 = Debug|Any CPU
		{127A4A34-CD32-43A3-9BEA-46C00FA9DEDF}.Debug|x64.ActiveCfg = Debug|Any CPU
		{127A4A34-CD32-43A3-9BEA-46C00FA9DEDF}.Debug|x64.Build.0 = Debug|Any CPU
		{127A4A34-CD32-43A3-9BEA-46C00FA9DEDF}.Debug|x86.ActiveCfg = Debug|Any CPU
		{127A4A34-CD32-43A3-9BEA-46C00FA9DEDF}.Debug|x86.Build.0 = Debug|Any CPU
		{127A4A34-CD32-43A3-9BEA-46C00FA9DEDF}.Release|Any CPU.ActiveCfg = Release|Any CPU
		{127A4A34-CD32-43A3-9BEA-46C00FA9DEDF}.Release|Any CPU.Build.0 = Release|Any CPU
		{127A4A34-CD32-43A3-9BEA-46C00FA9DEDF}.Release|ARM.ActiveCfg = Release|Any CPU
		{127A4A34-CD32-43A3-9BEA-46C00FA9DEDF}.Release|ARM.Build.0 = Release|Any CPU
		{127A4A34-CD32-43A3-9BEA-46C00FA9DEDF}.Release|x64.ActiveCfg = Release|Any CPU
		{127A4A34-CD32-43A3-9BEA-46C00FA9DEDF}.Release|x64.Build.0 = Release|Any CPU
		{127A4A34-CD32-43A3-9BEA-46C00FA9DEDF}.Release|x86.ActiveCfg = Release|Any CPU
		{127A4A34-CD32-43A3-9BEA-46C00FA9DEDF}.Release|x86.Build.0 = Release|Any CPU
		{25E28148-7663-4E2E-8EDA-C0BF6C1A4363}.Debug|Any CPU.ActiveCfg = Debug|Any CPU
		{25E28148-7663-4E2E-8EDA-C0BF6C1A4363}.Debug|Any CPU.Build.0 = Debug|Any CPU
		{25E28148-7663-4E2E-8EDA-C0BF6C1A4363}.Debug|ARM.ActiveCfg = Debug|Any CPU
		{25E28148-7663-4E2E-8EDA-C0BF6C1A4363}.Debug|ARM.Build.0 = Debug|Any CPU
		{25E28148-7663-4E2E-8EDA-C0BF6C1A4363}.Debug|x64.ActiveCfg = Debug|Any CPU
		{25E28148-7663-4E2E-8EDA-C0BF6C1A4363}.Debug|x64.Build.0 = Debug|Any CPU
		{25E28148-7663-4E2E-8EDA-C0BF6C1A4363}.Debug|x86.ActiveCfg = Debug|Any CPU
		{25E28148-7663-4E2E-8EDA-C0BF6C1A4363}.Debug|x86.Build.0 = Debug|Any CPU
		{25E28148-7663-4E2E-8EDA-C0BF6C1A4363}.Release|Any CPU.ActiveCfg = Release|Any CPU
		{25E28148-7663-4E2E-8EDA-C0BF6C1A4363}.Release|Any CPU.Build.0 = Release|Any CPU
		{25E28148-7663-4E2E-8EDA-C0BF6C1A4363}.Release|ARM.ActiveCfg = Release|Any CPU
		{25E28148-7663-4E2E-8EDA-C0BF6C1A4363}.Release|ARM.Build.0 = Release|Any CPU
		{25E28148-7663-4E2E-8EDA-C0BF6C1A4363}.Release|x64.ActiveCfg = Release|Any CPU
		{25E28148-7663-4E2E-8EDA-C0BF6C1A4363}.Release|x64.Build.0 = Release|Any CPU
		{25E28148-7663-4E2E-8EDA-C0BF6C1A4363}.Release|x86.ActiveCfg = Release|Any CPU
		{25E28148-7663-4E2E-8EDA-C0BF6C1A4363}.Release|x86.Build.0 = Release|Any CPU
		{ED715FB7-E072-4CAE-8F79-64FA75E10CA3}.Debug|Any CPU.ActiveCfg = Debug|Any CPU
		{ED715FB7-E072-4CAE-8F79-64FA75E10CA3}.Debug|Any CPU.Build.0 = Debug|Any CPU
		{ED715FB7-E072-4CAE-8F79-64FA75E10CA3}.Debug|ARM.ActiveCfg = Debug|Any CPU
		{ED715FB7-E072-4CAE-8F79-64FA75E10CA3}.Debug|ARM.Build.0 = Debug|Any CPU
		{ED715FB7-E072-4CAE-8F79-64FA75E10CA3}.Debug|x64.ActiveCfg = Debug|Any CPU
		{ED715FB7-E072-4CAE-8F79-64FA75E10CA3}.Debug|x64.Build.0 = Debug|Any CPU
		{ED715FB7-E072-4CAE-8F79-64FA75E10CA3}.Debug|x86.ActiveCfg = Debug|Any CPU
		{ED715FB7-E072-4CAE-8F79-64FA75E10CA3}.Debug|x86.Build.0 = Debug|Any CPU
		{ED715FB7-E072-4CAE-8F79-64FA75E10CA3}.Release|Any CPU.ActiveCfg = Release|Any CPU
		{ED715FB7-E072-4CAE-8F79-64FA75E10CA3}.Release|Any CPU.Build.0 = Release|Any CPU
		{ED715FB7-E072-4CAE-8F79-64FA75E10CA3}.Release|ARM.ActiveCfg = Release|Any CPU
		{ED715FB7-E072-4CAE-8F79-64FA75E10CA3}.Release|ARM.Build.0 = Release|Any CPU
		{ED715FB7-E072-4CAE-8F79-64FA75E10CA3}.Release|x64.ActiveCfg = Release|Any CPU
		{ED715FB7-E072-4CAE-8F79-64FA75E10CA3}.Release|x64.Build.0 = Release|Any CPU
		{ED715FB7-E072-4CAE-8F79-64FA75E10CA3}.Release|x86.ActiveCfg = Release|Any CPU
		{ED715FB7-E072-4CAE-8F79-64FA75E10CA3}.Release|x86.Build.0 = Release|Any CPU
	EndGlobalSection
	GlobalSection(SolutionProperties) = preSolution
		HideSolutionNode = FALSE
	EndGlobalSection
	GlobalSection(ExtensibilityGlobals) = postSolution
		SolutionGuid = {0B97CD61-9959-47EA-AF3D-C499B49F8EB4}
	EndGlobalSection
EndGlobal
